
Microsoft Visual Studio Solution File, Format Version 12.00
# Visual Studio Version 17
VisualStudioVersion = 17.10.35027.167
MinimumVisualStudioVersion = 10.0.40219.1
Project("{FAE04EC0-301F-11D3-BF4B-00C04F79EFBC}") = "GladiatorUI", "GladiatorUI.csproj", "{F179027E-2033-40BC-B475-E26816221F87}"
EndProject
Global
	GlobalSection(SolutionConfigurationPlatforms) = preSolution
		Debug|Any CPU = Debug|Any CPU
		Release|Any CPU = Release|Any CPU
	EndGlobalSection
	GlobalSection(ProjectConfigurationPlatforms) = postSolution
		{F179027E-2033-40BC-B475-E26816221F87}.Debug|Any CPU.ActiveCfg = Debug|Any CPU
		{F179027E-2033-40BC-B475-E26816221F87}.Debug|Any CPU.Build.0 = Debug|Any CPU
		{F179027E-2033-40BC-B475-E26816221F87}.Release|Any CPU.ActiveCfg = Release|Any CPU
		{F179027E-2033-40BC-B475-E26816221F87}.Release|Any CPU.Build.0 = Release|Any CPU
	EndGlobalSection
	GlobalSection(SolutionProperties) = preSolution
		HideSolutionNode = FALSE
	EndGlobalSection
	GlobalSection(ExtensibilityGlobals) = postSolution
		SolutionGuid = {7E08FD8B-1B1C-426C-8EA7-E491CCF3BEC9}
	EndGlobalSection
EndGlobal
